
Microsoft Visual Studio Solution File, Format Version 12.00
# Visual Studio Version 16
VisualStudioVersion = 16.0.30503.244
MinimumVisualStudioVersion = 10.0.40219.1
Project("{9A19103F-16F7-4668-BE54-9A1E7A4F7556}") = "TaskA", "Plarium_Lesson5\TaskA.csproj", "{EEE8F605-F190-4170-87A6-127DDF6538BB}"
EndProject
Project("{FAE04EC0-301F-11D3-BF4B-00C04F79EFBC}") = "TaskB", "TaskB\TaskB.csproj", "{41BDD8FB-E9E3-4BC4-91A8-F6B1F713E47D}"
EndProject
Global
	GlobalSection(SolutionConfigurationPlatforms) = preSolution
		Debug|Any CPU = Debug|Any CPU
		Release|Any CPU = Release|Any CPU
	EndGlobalSection
	GlobalSection(ProjectConfigurationPlatforms) = postSolution
		{EEE8F605-F190-4170-87A6-127DDF6538BB}.Debug|Any CPU.ActiveCfg = Debug|Any CPU
		{EEE8F605-F190-4170-87A6-127DDF6538BB}.Debug|Any CPU.Build.0 = Debug|Any CPU
		{EEE8F605-F190-4170-87A6-127DDF6538BB}.Release|Any CPU.ActiveCfg = Release|Any CPU
		{EEE8F605-F190-4170-87A6-127DDF6538BB}.Release|Any CPU.Build.0 = Release|Any CPU
		{41BDD8FB-E9E3-4BC4-91A8-F6B1F713E47D}.Debug|Any CPU.ActiveCfg = Debug|Any CPU
		{41BDD8FB-E9E3-4BC4-91A8-F6B1F713E47D}.Debug|Any CPU.Build.0 = Debug|Any CPU
		{41BDD8FB-E9E3-4BC4-91A8-F6B1F713E47D}.Release|Any CPU.ActiveCfg = Release|Any CPU
		{41BDD8FB-E9E3-4BC4-91A8-F6B1F713E47D}.Release|Any CPU.Build.0 = Release|Any CPU
	EndGlobalSection
	GlobalSection(SolutionProperties) = preSolution
		HideSolutionNode = FALSE
	EndGlobalSection
	GlobalSection(ExtensibilityGlobals) = postSolution
		SolutionGuid = {DFDA76F5-CEFD-4F66-83B2-D0023344B3E2}
	EndGlobalSection
EndGlobal
